
Microsoft Visual Studio Solution File, Format Version 12.00
# Visual Studio 15
Project("{FAE04EC0-301F-11D3-BF4B-00C04F79EFBC}") = "Unity.Timeline", "Unity.Timeline.csproj", "{678D7DBB-209F-BADF-5E8F-93B55F8B741F}"
EndProject
Project("{FAE04EC0-301F-11D3-BF4B-00C04F79EFBC}") = "Unity.Timeline.Editor", "Unity.Timeline.Editor.csproj", "{DA3CE5E2-07E3-0BE5-F8DE-0C2C7B23C9FE}"
EndProject
Project("{FAE04EC0-301F-11D3-BF4B-00C04F79EFBC}") = "Unity.2D.Tilemap.Editor", "Unity.2D.Tilemap.Editor.csproj", "{083AA70D-9588-FB9D-8517-3ECC4C3E9FB9}"
EndProject
Project("{FAE04EC0-301F-11D3-BF4B-00C04F79EFBC}") = "Unity.TextMeshPro.Editor", "Unity.TextMeshPro.Editor.csproj", "{1E895989-5DC1-B517-9353-1857DC651727}"
EndProject
Project("{FAE04EC0-301F-11D3-BF4B-00C04F79EFBC}") = "Unity.2D.Aseprite.Editor", "Unity.2D.Aseprite.Editor.csproj", "{4E188CBC-2456-613A-2424-22B27913CE5B}"
EndProject
Project("{FAE04EC0-301F-11D3-BF4B-00C04F79EFBC}") = "Unity.VisualScripting.Flow", "Unity.VisualScripting.Flow.csproj", "{B9D96825-BBEF-6340-C080-908F8B329346}"
EndProject
Project("{FAE04EC0-301F-11D3-BF4B-00C04F79EFBC}") = "UnityEditor.UI", "UnityEditor.UI.csproj", "{B168C78C-6D65-BF7F-979A-A0E82321E4A2}"
EndProject
Project("{FAE04EC0-301F-11D3-BF4B-00C04F79EFBC}") = "Assembly-CSharp", "Assembly-CSharp.csproj", "{06303826-707A-D769-56E8-631F2ADC9CAC}"
EndProject
Project("{FAE04EC0-301F-11D3-BF4B-00C04F79EFBC}") = "Unity.PlasticSCM.Editor", "Unity.PlasticSCM.Editor.csproj", "{53BA1606-1492-2909-DFD8-40B0E9A28529}"
EndProject
Project("{FAE04EC0-301F-11D3-BF4B-00C04F79EFBC}") = "Unity.2D.Psdimporter.Editor", "Unity.2D.Psdimporter.Editor.csproj", "{9BEA3C10-BA3F-E5F8-D453-1170AFCB7AEE}"
EndProject
Project("{FAE04EC0-301F-11D3-BF4B-00C04F79EFBC}") = "Unity.VisualScripting.Core", "Unity.VisualScripting.Core.csproj", "{D7E96C14-58E5-3057-4A6F-5AD6307E845E}"
EndProject
Project("{FAE04EC0-301F-11D3-BF4B-00C04F79EFBC}") = "Unity.Mathematics", "Unity.Mathematics.csproj", "{49C2CB7D-0295-BC1A-C51C-5116B8D1E8B5}"
EndProject
Project("{FAE04EC0-301F-11D3-BF4B-00C04F79EFBC}") = "Unity.2D.Animation.Editor", "Unity.2D.Animation.Editor.csproj", "{AB08B657-7E9B-DD5A-4F0A-D19D7C6AE9E6}"
EndProject
Project("{FAE04EC0-301F-11D3-BF4B-00C04F79EFBC}") = "Unity.2D.Common.Path.Editor", "Unity.2D.Common.Path.Editor.csproj", "{305A8E47-089A-5382-FBBF-655FF76ED23E}"
EndProject
Project("{FAE04EC0-301F-11D3-BF4B-00C04F79EFBC}") = "Cinemachine", "Cinemachine.csproj", "{1265F745-075F-891F-7E2E-99CA5648ACED}"
EndProject
Project("{FAE04EC0-301F-11D3-BF4B-00C04F79EFBC}") = "Unity.VisualScripting.Core.Editor", "Unity.VisualScripting.Core.Editor.csproj", "{4ADAC0C4-2C48-A71C-DDBD-A8D354FF0310}"
EndProject
Project("{FAE04EC0-301F-11D3-BF4B-00C04F79EFBC}") = "Unity.2D.IK.Runtime", "Unity.2D.IK.Runtime.csproj", "{6E1BCEAE-1E39-3BD8-DC90-3E8EC5EA65F7}"
EndProject
Project("{FAE04EC0-301F-11D3-BF4B-00C04F79EFBC}") = "Unity.VisualScripting.Flow.Editor", "Unity.VisualScripting.Flow.Editor.csproj", "{26BBE6EC-C732-E20D-2412-9F0BA5C35BB2}"
EndProject
Project("{FAE04EC0-301F-11D3-BF4B-00C04F79EFBC}") = "UnityEditor.TestRunner", "UnityEditor.TestRunner.csproj", "{5E644576-337E-ADCB-90A8-FC6439DD2878}"
EndProject
Project("{FAE04EC0-301F-11D3-BF4B-00C04F79EFBC}") = "Unity.VisualScripting.SettingsProvider.Editor", "Unity.VisualScripting.SettingsProvider.Editor.csproj", "{D3B6CB3C-A152-A5AB-2FE0-C67952330518}"
EndProject
Project("{FAE04EC0-301F-11D3-BF4B-00C04F79EFBC}") = "UnityEngine.TestRunner", "UnityEngine.TestRunner.csproj", "{021E05EB-D312-6BC7-410D-13EECCBE08C7}"
EndProject
Project("{FAE04EC0-301F-11D3-BF4B-00C04F79EFBC}") = "PsdPlugin", "PsdPlugin.csproj", "{939DD50E-B50E-6518-B8C7-0C963EAAB67A}"
EndProject
Project("{FAE04EC0-301F-11D3-BF4B-00C04F79EFBC}") = "Unity.Burst", "Unity.Burst.csproj", "{B78E72B8-98C5-93E7-D72F-0C11527ED365}"
EndProject
Project("{FAE04EC0-301F-11D3-BF4B-00C04F79EFBC}") = "UnityEngine.UI", "UnityEngine.UI.csproj", "{C2D1D284-D2B2-5D11-8D4A-B4D11C9633A1}"
EndProject
Project("{FAE04EC0-301F-11D3-BF4B-00C04F79EFBC}") = "Unity.2D.SpriteShape.Editor", "Unity.2D.SpriteShape.Editor.csproj", "{E23A37F8-E383-CC54-ED08-FF363B32E0DB}"
EndProject
Project("{FAE04EC0-301F-11D3-BF4B-00C04F79EFBC}") = "Unity.Collections", "Unity.Collections.csproj", "{54070F1C-0716-5AAA-32EC-4C81245FEBC3}"
EndProject
Project("{FAE04EC0-301F-11D3-BF4B-00C04F79EFBC}") = "Unity.VisualStudio.Editor", "Unity.VisualStudio.Editor.csproj", "{351A7329-65DC-FDF8-197C-72415F2A038D}"
EndProject
Project("{FAE04EC0-301F-11D3-BF4B-00C04F79EFBC}") = "com.unity.cinemachine.editor", "com.unity.cinemachine.editor.csproj", "{924D44C8-F085-DC5F-2C78-D06B8DDA8CC0}"
EndProject
Project("{FAE04EC0-301F-11D3-BF4B-00C04F79EFBC}") = "Unity.2D.Tilemap.Extras.Editor", "Unity.2D.Tilemap.Extras.Editor.csproj", "{0E1EBEE9-D13F-486D-26B7-58145DA86445}"
EndProject
Project("{FAE04EC0-301F-11D3-BF4B-00C04F79EFBC}") = "Unity.TestTools.CodeCoverage.Editor.OpenCover.Model", "Unity.TestTools.CodeCoverage.Editor.OpenCover.Model.csproj", "{7266EF89-E4E1-7FB3-DEAC-79F564D7CB04}"
EndProject
Project("{FAE04EC0-301F-11D3-BF4B-00C04F79EFBC}") = "Unity.Rider.Editor", "Unity.Rider.Editor.csproj", "{DE9E04DA-050B-6E1A-DA43-0FBDA3F9936C}"
EndProject
Project("{FAE04EC0-301F-11D3-BF4B-00C04F79EFBC}") = "Unity.InternalAPIEditorBridge.001", "Unity.InternalAPIEditorBridge.001.csproj", "{1AD4BD7A-7C3D-08E9-9099-32240395D8B9}"
EndProject
Project("{FAE04EC0-301F-11D3-BF4B-00C04F79EFBC}") = "Unity.2D.SpriteShape.Runtime", "Unity.2D.SpriteShape.Runtime.csproj", "{58A53B6F-5099-1986-6100-AE9BA397B694}"
EndProject
Project("{FAE04EC0-301F-11D3-BF4B-00C04F79EFBC}") = "Unity.VisualScripting.State.Editor", "Unity.VisualScripting.State.Editor.csproj", "{EEA20C61-1682-AFB5-8C19-1509C05CA434}"
EndProject
Project("{FAE04EC0-301F-11D3-BF4B-00C04F79EFBC}") = "Unity.2D.Animation.Runtime", "Unity.2D.Animation.Runtime.csproj", "{93A6ACC0-16F3-D7B5-A30A-11FA4DF5A342}"
EndProject
Project("{FAE04EC0-301F-11D3-BF4B-00C04F79EFBC}") = "Unity.TestTools.CodeCoverage.Editor", "Unity.TestTools.CodeCoverage.Editor.csproj", "{0CDDD5BB-C571-D183-2807-3E415AE016B8}"
EndProject
Project("{FAE04EC0-301F-11D3-BF4B-00C04F79EFBC}") = "Unity.Burst.CodeGen", "Unity.Burst.CodeGen.csproj", "{1247D261-9915-2EC5-5D37-A65EDD8CAC87}"
EndProject
Project("{FAE04EC0-301F-11D3-BF4B-00C04F79EFBC}") = "Unity.2D.Tilemap.Extras", "Unity.2D.Tilemap.Extras.csproj", "{A486790D-C50B-1EAB-02D6-93AE6BD27F79}"
EndProject
Project("{FAE04EC0-301F-11D3-BF4B-00C04F79EFBC}") = "Unity.VisualScripting.State", "Unity.VisualScripting.State.csproj", "{F3FD1BDB-7CE2-F77A-8B43-A441B0BBB2A5}"
EndProject
Project("{FAE04EC0-301F-11D3-BF4B-00C04F79EFBC}") = "Unity.TextMeshPro", "Unity.TextMeshPro.csproj", "{751EEAB2-56B9-4AB6-FA13-484C8CFA0F57}"
EndProject
Project("{FAE04EC0-301F-11D3-BF4B-00C04F79EFBC}") = "Unity.Performance.Profile-Analyzer.Editor", "Unity.Performance.Profile-Analyzer.Editor.csproj", "{D8D56636-8E73-63EF-7AA0-8DC43D4116BC}"
EndProject
Project("{FAE04EC0-301F-11D3-BF4B-00C04F79EFBC}") = "Unity.2D.Aseprite.Common", "Unity.2D.Aseprite.Common.csproj", "{835A0414-C721-09FE-EBB6-50BFA48ECD1F}"
EndProject
Project("{FAE04EC0-301F-11D3-BF4B-00C04F79EFBC}") = "Unity.VSCode.Editor", "Unity.VSCode.Editor.csproj", "{6DC6A4CC-9D30-3D0A-3F7C-5D5DF1099E23}"
EndProject
Project("{FAE04EC0-301F-11D3-BF4B-00C04F79EFBC}") = "Unity.2D.IK.Editor", "Unity.2D.IK.Editor.csproj", "{908E471C-4E7B-F51E-F676-B1BED27C08F5}"
EndProject
Project("{FAE04EC0-301F-11D3-BF4B-00C04F79EFBC}") = "Unity.InternalAPIEngineBridge.001", "Unity.InternalAPIEngineBridge.001.csproj", "{D276836C-F429-EBCC-3C47-4670E9F16FD4}"
EndProject
Project("{FAE04EC0-301F-11D3-BF4B-00C04F79EFBC}") = "Unity.Burst.Editor", "Unity.Burst.Editor.csproj", "{0FF32405-6C61-5CB6-E764-0D9B8FA34A6A}"
EndProject
Project("{FAE04EC0-301F-11D3-BF4B-00C04F79EFBC}") = "Unity.TestTools.CodeCoverage.Editor.OpenCover.Mono.Reflection", "Unity.TestTools.CodeCoverage.Editor.OpenCover.Mono.Reflection.csproj", "{481E11F5-00A6-36F6-CF26-88C2C3278033}"
EndProject
Project("{FAE04EC0-301F-11D3-BF4B-00C04F79EFBC}") = "Unity.2D.Common.Editor", "Unity.2D.Common.Editor.csproj", "{FD00E73E-5058-7B95-FE5C-D012518D0B04}"
EndProject
Project("{FAE04EC0-301F-11D3-BF4B-00C04F79EFBC}") = "Unity.2D.Sprite.Editor", "Unity.2D.Sprite.Editor.csproj", "{D686CF88-7540-FBFB-12BC-C756B049D64D}"
EndProject
Project("{FAE04EC0-301F-11D3-BF4B-00C04F79EFBC}") = "Unity.Settings.Editor", "Unity.Settings.Editor.csproj", "{A215C760-57B7-D822-7663-36C4171C39CB}"
EndProject
Project("{FAE04EC0-301F-11D3-BF4B-00C04F79EFBC}") = "Unity.2D.PixelPerfect", "Unity.2D.PixelPerfect.csproj", "{030F799A-A7E9-0073-7CD3-D8B035E83790}"
EndProject
Project("{FAE04EC0-301F-11D3-BF4B-00C04F79EFBC}") = "Unity.2D.PixelPerfect.Editor", "Unity.2D.PixelPerfect.Editor.csproj", "{E85880D2-9927-8D94-0A4B-8F4C0525368F}"
EndProject
Project("{FAE04EC0-301F-11D3-BF4B-00C04F79EFBC}") = "Unity.2D.Common.Runtime", "Unity.2D.Common.Runtime.csproj", "{D461B364-1BDA-F937-D874-B877AA255F90}"
EndProject
Project("{FAE04EC0-301F-11D3-BF4B-00C04F79EFBC}") = "Assembly-CSharp-firstpass", "Assembly-CSharp-firstpass.csproj", "{0D9ACD64-97BC-6D37-7BDA-92D27E51567B}"
EndProject
Project("{FAE04EC0-301F-11D3-BF4B-00C04F79EFBC}") = "Unity.EditorCoroutines.Editor", "Unity.EditorCoroutines.Editor.csproj", "{1E425CFB-DE6E-5F3E-4FE8-E2E63A707DC2}"
EndProject
Project("{FAE04EC0-301F-11D3-BF4B-00C04F79EFBC}") = "Unity.Mathematics.Editor", "Unity.Mathematics.Editor.csproj", "{FF0F7BD6-3413-216C-672E-804D3DAE8EB0}"
EndProject
Project("{FAE04EC0-301F-11D3-BF4B-00C04F79EFBC}") = "Unity.Collections.BurstCompatibilityGen", "Unity.Collections.BurstCompatibilityGen.csproj", "{D9D17BD2-4801-8D7A-BF32-21C34469B426}"
EndProject
Project("{FAE04EC0-301F-11D3-BF4B-00C04F79EFBC}") = "Unity.InternalAPIEditorBridge.005", "Unity.InternalAPIEditorBridge.005.csproj", "{CB745B44-788F-A5B3-3CD2-4799DA49309C}"
EndProject
Project("{FAE04EC0-301F-11D3-BF4B-00C04F79EFBC}") = "Unity.VisualScripting.Shared.Editor", "Unity.VisualScripting.Shared.Editor.csproj", "{69C8F1B9-AB96-A3D9-4C6D-EB7E77A6D7F9}"
EndProject
Project("{FAE04EC0-301F-11D3-BF4B-00C04F79EFBC}") = "Unity.Collections.DocCodeSamples", "Unity.Collections.DocCodeSamples.csproj", "{490DA4B5-1DD1-C141-FFFC-AEC863B836F1}"
EndProject
Project("{FAE04EC0-301F-11D3-BF4B-00C04F79EFBC}") = "Unity.CollabProxy.Editor", "Unity.CollabProxy.Editor.csproj", "{E4C94E4D-AE62-0EE7-E158-7FC83790A342}"
EndProject
Project("{FAE04EC0-301F-11D3-BF4B-00C04F79EFBC}") = "Unity.Timeline", "Unity.Timeline.Player.csproj", "{3DBAF9D5-592E-2696-CAC0-0699D9C107C5}"
EndProject
Project("{FAE04EC0-301F-11D3-BF4B-00C04F79EFBC}") = "Unity.VisualScripting.Flow", "Unity.VisualScripting.Flow.Player.csproj", "{9406764F-210E-41FB-C333-F4DBF13B806E}"
EndProject
Project("{FAE04EC0-301F-11D3-BF4B-00C04F79EFBC}") = "Assembly-CSharp", "Assembly-CSharp.Player.csproj", "{81B89A1F-94F8-F039-FB23-2413F866D640}"
EndProject
Project("{FAE04EC0-301F-11D3-BF4B-00C04F79EFBC}") = "Unity.VisualScripting.Core", "Unity.VisualScripting.Core.Player.csproj", "{E1BB8492-5F62-B833-FE84-FA3FF3793142}"
EndProject
Project("{FAE04EC0-301F-11D3-BF4B-00C04F79EFBC}") = "Unity.Mathematics", "Unity.Mathematics.Player.csproj", "{E93657BF-470B-69EF-E739-C7F358326B96}"
EndProject
Project("{FAE04EC0-301F-11D3-BF4B-00C04F79EFBC}") = "Cinemachine", "Cinemachine.Player.csproj", "{9106640A-F134-89C9-EF7D-B250E08F0A75}"
EndProject
Project("{FAE04EC0-301F-11D3-BF4B-00C04F79EFBC}") = "Unity.2D.IK.Runtime", "Unity.2D.IK.Runtime.Player.csproj", "{8996A6C2-0543-E1B5-FC7C-891346FB1767}"
EndProject
Project("{FAE04EC0-301F-11D3-BF4B-00C04F79EFBC}") = "UnityEngine.TestRunner", "UnityEngine.TestRunner.Player.csproj", "{541191DD-8393-2076-4734-808D9685AB4F}"
EndProject
Project("{FAE04EC0-301F-11D3-BF4B-00C04F79EFBC}") = "Unity.Burst", "Unity.Burst.Player.csproj", "{1DC58727-FF4D-BCC3-ECBB-D1F641312AA8}"
EndProject
Project("{FAE04EC0-301F-11D3-BF4B-00C04F79EFBC}") = "UnityEngine.UI", "UnityEngine.UI.Player.csproj", "{7DF5F207-C280-CF8B-F9B3-EB34610D45D3}"
EndProject
Project("{FAE04EC0-301F-11D3-BF4B-00C04F79EFBC}") = "Unity.Collections", "Unity.Collections.Player.csproj", "{211D1445-2890-17F0-3B84-047B1B4FB1CA}"
EndProject
Project("{FAE04EC0-301F-11D3-BF4B-00C04F79EFBC}") = "Unity.2D.SpriteShape.Runtime", "Unity.2D.SpriteShape.Runtime.Player.csproj", "{83E4F07E-3090-5173-1A33-40BF2C89911D}"
EndProject
Project("{FAE04EC0-301F-11D3-BF4B-00C04F79EFBC}") = "Unity.2D.Animation.Runtime", "Unity.2D.Animation.Runtime.Player.csproj", "{669C1DC5-CF18-2761-1E1E-51D2099671C8}"
EndProject
Project("{FAE04EC0-301F-11D3-BF4B-00C04F79EFBC}") = "Unity.2D.Tilemap.Extras", "Unity.2D.Tilemap.Extras.Player.csproj", "{37B82D10-1E5F-BAE8-E582-1D212BA8AFFA}"
EndProject
Project("{FAE04EC0-301F-11D3-BF4B-00C04F79EFBC}") = "Unity.VisualScripting.State", "Unity.VisualScripting.State.Player.csproj", "{B74CDEBE-C82A-89C0-BC4E-4D50B8C36508}"
EndProject
Project("{FAE04EC0-301F-11D3-BF4B-00C04F79EFBC}") = "Unity.TextMeshPro", "Unity.TextMeshPro.Player.csproj", "{D7B80D5C-662C-4164-A21E-4E476CC34CED}"
EndProject
Project("{FAE04EC0-301F-11D3-BF4B-00C04F79EFBC}") = "Unity.InternalAPIEngineBridge.001", "Unity.InternalAPIEngineBridge.001.Player.csproj", "{D581D8C0-959A-034E-D270-606BB65D7E5F}"
EndProject
Project("{FAE04EC0-301F-11D3-BF4B-00C04F79EFBC}") = "Unity.2D.PixelPerfect", "Unity.2D.PixelPerfect.Player.csproj", "{187ECBD0-DE60-6F23-BB51-B6B828B777D0}"
EndProject
Project("{FAE04EC0-301F-11D3-BF4B-00C04F79EFBC}") = "Unity.2D.Common.Runtime", "Unity.2D.Common.Runtime.Player.csproj", "{FE730021-DC63-74C4-3E2B-A3480939AC1A}"
EndProject
Project("{FAE04EC0-301F-11D3-BF4B-00C04F79EFBC}") = "Assembly-CSharp-firstpass", "Assembly-CSharp-firstpass.Player.csproj", "{BDF46D49-42C6-2A6D-A240-6FDC853D5614}"
EndProject
Global
	GlobalSection(SolutionConfigurationPlatforms) = preSolution
		Debug|Any CPU = Debug|Any CPU
		Release|Any CPU = Release|Any CPU
	EndGlobalSection
	GlobalSection(ProjectConfigurationPlatforms) = postSolution
		{678D7DBB-209F-BADF-5E8F-93B55F8B741F}.Debug|Any CPU.ActiveCfg = Debug|Any CPU
		{678D7DBB-209F-BADF-5E8F-93B55F8B741F}.Debug|Any CPU.Build.0 = Debug|Any CPU
		{678D7DBB-209F-BADF-5E8F-93B55F8B741F}.Release|Any CPU.ActiveCfg = Release|Any CPU
		{678D7DBB-209F-BADF-5E8F-93B55F8B741F}.Release|Any CPU.Build.0 = Release|Any CPU
		{DA3CE5E2-07E3-0BE5-F8DE-0C2C7B23C9FE}.Debug|Any CPU.ActiveCfg = Debug|Any CPU
		{DA3CE5E2-07E3-0BE5-F8DE-0C2C7B23C9FE}.Debug|Any CPU.Build.0 = Debug|Any CPU
		{DA3CE5E2-07E3-0BE5-F8DE-0C2C7B23C9FE}.Release|Any CPU.ActiveCfg = Release|Any CPU
		{DA3CE5E2-07E3-0BE5-F8DE-0C2C7B23C9FE}.Release|Any CPU.Build.0 = Release|Any CPU
		{083AA70D-9588-FB9D-8517-3ECC4C3E9FB9}.Debug|Any CPU.ActiveCfg = Debug|Any CPU
		{083AA70D-9588-FB9D-8517-3ECC4C3E9FB9}.Debug|Any CPU.Build.0 = Debug|Any CPU
		{083AA70D-9588-FB9D-8517-3ECC4C3E9FB9}.Release|Any CPU.ActiveCfg = Release|Any CPU
		{083AA70D-9588-FB9D-8517-3ECC4C3E9FB9}.Release|Any CPU.Build.0 = Release|Any CPU
		{1E895989-5DC1-B517-9353-1857DC651727}.Debug|Any CPU.ActiveCfg = Debug|Any CPU
		{1E895989-5DC1-B517-9353-1857DC651727}.Debug|Any CPU.Build.0 = Debug|Any CPU
		{1E895989-5DC1-B517-9353-1857DC651727}.Release|Any CPU.ActiveCfg = Release|Any CPU
		{1E895989-5DC1-B517-9353-1857DC651727}.Release|Any CPU.Build.0 = Release|Any CPU
		{4E188CBC-2456-613A-2424-22B27913CE5B}.Debug|Any CPU.ActiveCfg = Debug|Any CPU
		{4E188CBC-2456-613A-2424-22B27913CE5B}.Debug|Any CPU.Build.0 = Debug|Any CPU
		{4E188CBC-2456-613A-2424-22B27913CE5B}.Release|Any CPU.ActiveCfg = Release|Any CPU
		{4E188CBC-2456-613A-2424-22B27913CE5B}.Release|Any CPU.Build.0 = Release|Any CPU
		{B9D96825-BBEF-6340-C080-908F8B329346}.Debug|Any CPU.ActiveCfg = Debug|Any CPU
		{B9D96825-BBEF-6340-C080-908F8B329346}.Debug|Any CPU.Build.0 = Debug|Any CPU
		{B9D96825-BBEF-6340-C080-908F8B329346}.Release|Any CPU.ActiveCfg = Release|Any CPU
		{B9D96825-BBEF-6340-C080-908F8B329346}.Release|Any CPU.Build.0 = Release|Any CPU
		{B168C78C-6D65-BF7F-979A-A0E82321E4A2}.Debug|Any CPU.ActiveCfg = Debug|Any CPU
		{B168C78C-6D65-BF7F-979A-A0E82321E4A2}.Debug|Any CPU.Build.0 = Debug|Any CPU
		{B168C78C-6D65-BF7F-979A-A0E82321E4A2}.Release|Any CPU.ActiveCfg = Release|Any CPU
		{B168C78C-6D65-BF7F-979A-A0E82321E4A2}.Release|Any CPU.Build.0 = Release|Any CPU
		{06303826-707A-D769-56E8-631F2ADC9CAC}.Debug|Any CPU.ActiveCfg = Debug|Any CPU
		{06303826-707A-D769-56E8-631F2ADC9CAC}.Debug|Any CPU.Build.0 = Debug|Any CPU
		{06303826-707A-D769-56E8-631F2ADC9CAC}.Release|Any CPU.ActiveCfg = Release|Any CPU
		{06303826-707A-D769-56E8-631F2ADC9CAC}.Release|Any CPU.Build.0 = Release|Any CPU
		{53BA1606-1492-2909-DFD8-40B0E9A28529}.Debug|Any CPU.ActiveCfg = Debug|Any CPU
		{53BA1606-1492-2909-DFD8-40B0E9A28529}.Debug|Any CPU.Build.0 = Debug|Any CPU
		{53BA1606-1492-2909-DFD8-40B0E9A28529}.Release|Any CPU.ActiveCfg = Release|Any CPU
		{53BA1606-1492-2909-DFD8-40B0E9A28529}.Release|Any CPU.Build.0 = Release|Any CPU
		{9BEA3C10-BA3F-E5F8-D453-1170AFCB7AEE}.Debug|Any CPU.ActiveCfg = Debug|Any CPU
		{9BEA3C10-BA3F-E5F8-D453-1170AFCB7AEE}.Debug|Any CPU.Build.0 = Debug|Any CPU
		{9BEA3C10-BA3F-E5F8-D453-1170AFCB7AEE}.Release|Any CPU.ActiveCfg = Release|Any CPU
		{9BEA3C10-BA3F-E5F8-D453-1170AFCB7AEE}.Release|Any CPU.Build.0 = Release|Any CPU
		{D7E96C14-58E5-3057-4A6F-5AD6307E845E}.Debug|Any CPU.ActiveCfg = Debug|Any CPU
		{D7E96C14-58E5-3057-4A6F-5AD6307E845E}.Debug|Any CPU.Build.0 = Debug|Any CPU
		{D7E96C14-58E5-3057-4A6F-5AD6307E845E}.Release|Any CPU.ActiveCfg = Release|Any CPU
		{D7E96C14-58E5-3057-4A6F-5AD6307E845E}.Release|Any CPU.Build.0 = Release|Any CPU
		{49C2CB7D-0295-BC1A-C51C-5116B8D1E8B5}.Debug|Any CPU.ActiveCfg = Debug|Any CPU
		{49C2CB7D-0295-BC1A-C51C-5116B8D1E8B5}.Debug|Any CPU.Build.0 = Debug|Any CPU
		{49C2CB7D-0295-BC1A-C51C-5116B8D1E8B5}.Release|Any CPU.ActiveCfg = Release|Any CPU
		{49C2CB7D-0295-BC1A-C51C-5116B8D1E8B5}.Release|Any CPU.Build.0 = Release|Any CPU
		{AB08B657-7E9B-DD5A-4F0A-D19D7C6AE9E6}.Debug|Any CPU.ActiveCfg = Debug|Any CPU
		{AB08B657-7E9B-DD5A-4F0A-D19D7C6AE9E6}.Debug|Any CPU.Build.0 = Debug|Any CPU
		{AB08B657-7E9B-DD5A-4F0A-D19D7C6AE9E6}.Release|Any CPU.ActiveCfg = Release|Any CPU
		{AB08B657-7E9B-DD5A-4F0A-D19D7C6AE9E6}.Release|Any CPU.Build.0 = Release|Any CPU
		{305A8E47-089A-5382-FBBF-655FF76ED23E}.Debug|Any CPU.ActiveCfg = Debug|Any CPU
		{305A8E47-089A-5382-FBBF-655FF76ED23E}.Debug|Any CPU.Build.0 = Debug|Any CPU
		{305A8E47-089A-5382-FBBF-655FF76ED23E}.Release|Any CPU.ActiveCfg = Release|Any CPU
		{305A8E47-089A-5382-FBBF-655FF76ED23E}.Release|Any CPU.Build.0 = Release|Any CPU
		{1265F745-075F-891F-7E2E-99CA5648ACED}.Debug|Any CPU.ActiveCfg = Debug|Any CPU
		{1265F745-075F-891F-7E2E-99CA5648ACED}.Debug|Any CPU.Build.0 = Debug|Any CPU
		{1265F745-075F-891F-7E2E-99CA5648ACED}.Release|Any CPU.ActiveCfg = Release|Any CPU
		{1265F745-075F-891F-7E2E-99CA5648ACED}.Release|Any CPU.Build.0 = Release|Any CPU
		{4ADAC0C4-2C48-A71C-DDBD-A8D354FF0310}.Debug|Any CPU.ActiveCfg = Debug|Any CPU
		{4ADAC0C4-2C48-A71C-DDBD-A8D354FF0310}.Debug|Any CPU.Build.0 = Debug|Any CPU
		{4ADAC0C4-2C48-A71C-DDBD-A8D354FF0310}.Release|Any CPU.ActiveCfg = Release|Any CPU
		{4ADAC0C4-2C48-A71C-DDBD-A8D354FF0310}.Release|Any CPU.Build.0 = Release|Any CPU
		{6E1BCEAE-1E39-3BD8-DC90-3E8EC5EA65F7}.Debug|Any CPU.ActiveCfg = Debug|Any CPU
		{6E1BCEAE-1E39-3BD8-DC90-3E8EC5EA65F7}.Debug|Any CPU.Build.0 = Debug|Any CPU
		{6E1BCEAE-1E39-3BD8-DC90-3E8EC5EA65F7}.Release|Any CPU.ActiveCfg = Release|Any CPU
		{6E1BCEAE-1E39-3BD8-DC90-3E8EC5EA65F7}.Release|Any CPU.Build.0 = Release|Any CPU
		{26BBE6EC-C732-E20D-2412-9F0BA5C35BB2}.Debug|Any CPU.ActiveCfg = Debug|Any CPU
		{26BBE6EC-C732-E20D-2412-9F0BA5C35BB2}.Debug|Any CPU.Build.0 = Debug|Any CPU
		{26BBE6EC-C732-E20D-2412-9F0BA5C35BB2}.Release|Any CPU.ActiveCfg = Release|Any CPU
		{26BBE6EC-C732-E20D-2412-9F0BA5C35BB2}.Release|Any CPU.Build.0 = Release|Any CPU
		{5E644576-337E-ADCB-90A8-FC6439DD2878}.Debug|Any CPU.ActiveCfg = Debug|Any CPU
		{5E644576-337E-ADCB-90A8-FC6439DD2878}.Debug|Any CPU.Build.0 = Debug|Any CPU
		{5E644576-337E-ADCB-90A8-FC6439DD2878}.Release|Any CPU.ActiveCfg = Release|Any CPU
		{5E644576-337E-ADCB-90A8-FC6439DD2878}.Release|Any CPU.Build.0 = Release|Any CPU
		{D3B6CB3C-A152-A5AB-2FE0-C67952330518}.Debug|Any CPU.ActiveCfg = Debug|Any CPU
		{D3B6CB3C-A152-A5AB-2FE0-C67952330518}.Debug|Any CPU.Build.0 = Debug|Any CPU
		{D3B6CB3C-A152-A5AB-2FE0-C67952330518}.Release|Any CPU.ActiveCfg = Release|Any CPU
		{D3B6CB3C-A152-A5AB-2FE0-C67952330518}.Release|Any CPU.Build.0 = Release|Any CPU
		{021E05EB-D312-6BC7-410D-13EECCBE08C7}.Debug|Any CPU.ActiveCfg = Debug|Any CPU
		{021E05EB-D312-6BC7-410D-13EECCBE08C7}.Debug|Any CPU.Build.0 = Debug|Any CPU
		{021E05EB-D312-6BC7-410D-13EECCBE08C7}.Release|Any CPU.ActiveCfg = Release|Any CPU
		{021E05EB-D312-6BC7-410D-13EECCBE08C7}.Release|Any CPU.Build.0 = Release|Any CPU
		{939DD50E-B50E-6518-B8C7-0C963EAAB67A}.Debug|Any CPU.ActiveCfg = Debug|Any CPU
		{939DD50E-B50E-6518-B8C7-0C963EAAB67A}.Debug|Any CPU.Build.0 = Debug|Any CPU
		{939DD50E-B50E-6518-B8C7-0C963EAAB67A}.Release|Any CPU.ActiveCfg = Release|Any CPU
		{939DD50E-B50E-6518-B8C7-0C963EAAB67A}.Release|Any CPU.Build.0 = Release|Any CPU
		{B78E72B8-98C5-93E7-D72F-0C11527ED365}.Debug|Any CPU.ActiveCfg = Debug|Any CPU
		{B78E72B8-98C5-93E7-D72F-0C11527ED365}.Debug|Any CPU.Build.0 = Debug|Any CPU
		{B78E72B8-98C5-93E7-D72F-0C11527ED365}.Release|Any CPU.ActiveCfg = Release|Any CPU
		{B78E72B8-98C5-93E7-D72F-0C11527ED365}.Release|Any CPU.Build.0 = Release|Any CPU
		{C2D1D284-D2B2-5D11-8D4A-B4D11C9633A1}.Debug|Any CPU.ActiveCfg = Debug|Any CPU
		{C2D1D284-D2B2-5D11-8D4A-B4D11C9633A1}.Debug|Any CPU.Build.0 = Debug|Any CPU
		{C2D1D284-D2B2-5D11-8D4A-B4D11C9633A1}.Release|Any CPU.ActiveCfg = Release|Any CPU
		{C2D1D284-D2B2-5D11-8D4A-B4D11C9633A1}.Release|Any CPU.Build.0 = Release|Any CPU
		{E23A37F8-E383-CC54-ED08-FF363B32E0DB}.Debug|Any CPU.ActiveCfg = Debug|Any CPU
		{E23A37F8-E383-CC54-ED08-FF363B32E0DB}.Debug|Any CPU.Build.0 = Debug|Any CPU
		{E23A37F8-E383-CC54-ED08-FF363B32E0DB}.Release|Any CPU.ActiveCfg = Release|Any CPU
		{E23A37F8-E383-CC54-ED08-FF363B32E0DB}.Release|Any CPU.Build.0 = Release|Any CPU
		{54070F1C-0716-5AAA-32EC-4C81245FEBC3}.Debug|Any CPU.ActiveCfg = Debug|Any CPU
		{54070F1C-0716-5AAA-32EC-4C81245FEBC3}.Debug|Any CPU.Build.0 = Debug|Any CPU
		{54070F1C-0716-5AAA-32EC-4C81245FEBC3}.Release|Any CPU.ActiveCfg = Release|Any CPU
		{54070F1C-0716-5AAA-32EC-4C81245FEBC3}.Release|Any CPU.Build.0 = Release|Any CPU
		{351A7329-65DC-FDF8-197C-72415F2A038D}.Debug|Any CPU.ActiveCfg = Debug|Any CPU
		{351A7329-65DC-FDF8-197C-72415F2A038D}.Debug|Any CPU.Build.0 = Debug|Any CPU
		{351A7329-65DC-FDF8-197C-72415F2A038D}.Release|Any CPU.ActiveCfg = Release|Any CPU
		{351A7329-65DC-FDF8-197C-72415F2A038D}.Release|Any CPU.Build.0 = Release|Any CPU
		{924D44C8-F085-DC5F-2C78-D06B8DDA8CC0}.Debug|Any CPU.ActiveCfg = Debug|Any CPU
		{924D44C8-F085-DC5F-2C78-D06B8DDA8CC0}.Debug|Any CPU.Build.0 = Debug|Any CPU
		{924D44C8-F085-DC5F-2C78-D06B8DDA8CC0}.Release|Any CPU.ActiveCfg = Release|Any CPU
		{924D44C8-F085-DC5F-2C78-D06B8DDA8CC0}.Release|Any CPU.Build.0 = Release|Any CPU
		{0E1EBEE9-D13F-486D-26B7-58145DA86445}.Debug|Any CPU.ActiveCfg = Debug|Any CPU
		{0E1EBEE9-D13F-486D-26B7-58145DA86445}.Debug|Any CPU.Build.0 = Debug|Any CPU
		{0E1EBEE9-D13F-486D-26B7-58145DA86445}.Release|Any CPU.ActiveCfg = Release|Any CPU
		{0E1EBEE9-D13F-486D-26B7-58145DA86445}.Release|Any CPU.Build.0 = Release|Any CPU
		{7266EF89-E4E1-7FB3-DEAC-79F564D7CB04}.Debug|Any CPU.ActiveCfg = Debug|Any CPU
		{7266EF89-E4E1-7FB3-DEAC-79F564D7CB04}.Debug|Any CPU.Build.0 = Debug|Any CPU
		{7266EF89-E4E1-7FB3-DEAC-79F564D7CB04}.Release|Any CPU.ActiveCfg = Release|Any CPU
		{7266EF89-E4E1-7FB3-DEAC-79F564D7CB04}.Release|Any CPU.Build.0 = Release|Any CPU
		{DE9E04DA-050B-6E1A-DA43-0FBDA3F9936C}.Debug|Any CPU.ActiveCfg = Debug|Any CPU
		{DE9E04DA-050B-6E1A-DA43-0FBDA3F9936C}.Debug|Any CPU.Build.0 = Debug|Any CPU
		{DE9E04DA-050B-6E1A-DA43-0FBDA3F9936C}.Release|Any CPU.ActiveCfg = Release|Any CPU
		{DE9E04DA-050B-6E1A-DA43-0FBDA3F9936C}.Release|Any CPU.Build.0 = Release|Any CPU
		{1AD4BD7A-7C3D-08E9-9099-32240395D8B9}.Debug|Any CPU.ActiveCfg = Debug|Any CPU
		{1AD4BD7A-7C3D-08E9-9099-32240395D8B9}.Debug|Any CPU.Build.0 = Debug|Any CPU
		{1AD4BD7A-7C3D-08E9-9099-32240395D8B9}.Release|Any CPU.ActiveCfg = Release|Any CPU
		{1AD4BD7A-7C3D-08E9-9099-32240395D8B9}.Release|Any CPU.Build.0 = Release|Any CPU
		{58A53B6F-5099-1986-6100-AE9BA397B694}.Debug|Any CPU.ActiveCfg = Debug|Any CPU
		{58A53B6F-5099-1986-6100-AE9BA397B694}.Debug|Any CPU.Build.0 = Debug|Any CPU
		{58A53B6F-5099-1986-6100-AE9BA397B694}.Release|Any CPU.ActiveCfg = Release|Any CPU
		{58A53B6F-5099-1986-6100-AE9BA397B694}.Release|Any CPU.Build.0 = Release|Any CPU
		{EEA20C61-1682-AFB5-8C19-1509C05CA434}.Debug|Any CPU.ActiveCfg = Debug|Any CPU
		{EEA20C61-1682-AFB5-8C19-1509C05CA434}.Debug|Any CPU.Build.0 = Debug|Any CPU
		{EEA20C61-1682-AFB5-8C19-1509C05CA434}.Release|Any CPU.ActiveCfg = Release|Any CPU
		{EEA20C61-1682-AFB5-8C19-1509C05CA434}.Release|Any CPU.Build.0 = Release|Any CPU
		{93A6ACC0-16F3-D7B5-A30A-11FA4DF5A342}.Debug|Any CPU.ActiveCfg = Debug|Any CPU
		{93A6ACC0-16F3-D7B5-A30A-11FA4DF5A342}.Debug|Any CPU.Build.0 = Debug|Any CPU
		{93A6ACC0-16F3-D7B5-A30A-11FA4DF5A342}.Release|Any CPU.ActiveCfg = Release|Any CPU
		{93A6ACC0-16F3-D7B5-A30A-11FA4DF5A342}.Release|Any CPU.Build.0 = Release|Any CPU
		{0CDDD5BB-C571-D183-2807-3E415AE016B8}.Debug|Any CPU.ActiveCfg = Debug|Any CPU
		{0CDDD5BB-C571-D183-2807-3E415AE016B8}.Debug|Any CPU.Build.0 = Debug|Any CPU
		{0CDDD5BB-C571-D183-2807-3E415AE016B8}.Release|Any CPU.ActiveCfg = Release|Any CPU
		{0CDDD5BB-C571-D183-2807-3E415AE016B8}.Release|Any CPU.Build.0 = Release|Any CPU
		{1247D261-9915-2EC5-5D37-A65EDD8CAC87}.Debug|Any CPU.ActiveCfg = Debug|Any CPU
		{1247D261-9915-2EC5-5D37-A65EDD8CAC87}.Debug|Any CPU.Build.0 = Debug|Any CPU
		{1247D261-9915-2EC5-5D37-A65EDD8CAC87}.Release|Any CPU.ActiveCfg = Release|Any CPU
		{1247D261-9915-2EC5-5D37-A65EDD8CAC87}.Release|Any CPU.Build.0 = Release|Any CPU
		{A486790D-C50B-1EAB-02D6-93AE6BD27F79}.Debug|Any CPU.ActiveCfg = Debug|Any CPU
		{A486790D-C50B-1EAB-02D6-93AE6BD27F79}.Debug|Any CPU.Build.0 = Debug|Any CPU
		{A486790D-C50B-1EAB-02D6-93AE6BD27F79}.Release|Any CPU.ActiveCfg = Release|Any CPU
		{A486790D-C50B-1EAB-02D6-93AE6BD27F79}.Release|Any CPU.Build.0 = Release|Any CPU
		{F3FD1BDB-7CE2-F77A-8B43-A441B0BBB2A5}.Debug|Any CPU.ActiveCfg = Debug|Any CPU
		{F3FD1BDB-7CE2-F77A-8B43-A441B0BBB2A5}.Debug|Any CPU.Build.0 = Debug|Any CPU
		{F3FD1BDB-7CE2-F77A-8B43-A441B0BBB2A5}.Release|Any CPU.ActiveCfg = Release|Any CPU
		{F3FD1BDB-7CE2-F77A-8B43-A441B0BBB2A5}.Release|Any CPU.Build.0 = Release|Any CPU
		{751EEAB2-56B9-4AB6-FA13-484C8CFA0F57}.Debug|Any CPU.ActiveCfg = Debug|Any CPU
		{751EEAB2-56B9-4AB6-FA13-484C8CFA0F57}.Debug|Any CPU.Build.0 = Debug|Any CPU
		{751EEAB2-56B9-4AB6-FA13-484C8CFA0F57}.Release|Any CPU.ActiveCfg = Release|Any CPU
		{751EEAB2-56B9-4AB6-FA13-484C8CFA0F57}.Release|Any CPU.Build.0 = Release|Any CPU
		{D8D56636-8E73-63EF-7AA0-8DC43D4116BC}.Debug|Any CPU.ActiveCfg = Debug|Any CPU
		{D8D56636-8E73-63EF-7AA0-8DC43D4116BC}.Debug|Any CPU.Build.0 = Debug|Any CPU
		{D8D56636-8E73-63EF-7AA0-8DC43D4116BC}.Release|Any CPU.ActiveCfg = Release|Any CPU
		{D8D56636-8E73-63EF-7AA0-8DC43D4116BC}.Release|Any CPU.Build.0 = Release|Any CPU
		{835A0414-C721-09FE-EBB6-50BFA48ECD1F}.Debug|Any CPU.ActiveCfg = Debug|Any CPU
		{835A0414-C721-09FE-EBB6-50BFA48ECD1F}.Debug|Any CPU.Build.0 = Debug|Any CPU
		{835A0414-C721-09FE-EBB6-50BFA48ECD1F}.Release|Any CPU.ActiveCfg = Release|Any CPU
		{835A0414-C721-09FE-EBB6-50BFA48ECD1F}.Release|Any CPU.Build.0 = Release|Any CPU
		{6DC6A4CC-9D30-3D0A-3F7C-5D5DF1099E23}.Debug|Any CPU.ActiveCfg = Debug|Any CPU
		{6DC6A4CC-9D30-3D0A-3F7C-5D5DF1099E23}.Debug|Any CPU.Build.0 = Debug|Any CPU
		{6DC6A4CC-9D30-3D0A-3F7C-5D5DF1099E23}.Release|Any CPU.ActiveCfg = Release|Any CPU
		{6DC6A4CC-9D30-3D0A-3F7C-5D5DF1099E23}.Release|Any CPU.Build.0 = Release|Any CPU
		{908E471C-4E7B-F51E-F676-B1BED27C08F5}.Debug|Any CPU.ActiveCfg = Debug|Any CPU
		{908E471C-4E7B-F51E-F676-B1BED27C08F5}.Debug|Any CPU.Build.0 = Debug|Any CPU
		{908E471C-4E7B-F51E-F676-B1BED27C08F5}.Release|Any CPU.ActiveCfg = Release|Any CPU
		{908E471C-4E7B-F51E-F676-B1BED27C08F5}.Release|Any CPU.Build.0 = Release|Any CPU
		{D276836C-F429-EBCC-3C47-4670E9F16FD4}.Debug|Any CPU.ActiveCfg = Debug|Any CPU
		{D276836C-F429-EBCC-3C47-4670E9F16FD4}.Debug|Any CPU.Build.0 = Debug|Any CPU
		{D276836C-F429-EBCC-3C47-4670E9F16FD4}.Release|Any CPU.ActiveCfg = Release|Any CPU
		{D276836C-F429-EBCC-3C47-4670E9F16FD4}.Release|Any CPU.Build.0 = Release|Any CPU
		{0FF32405-6C61-5CB6-E764-0D9B8FA34A6A}.Debug|Any CPU.ActiveCfg = Debug|Any CPU
		{0FF32405-6C61-5CB6-E764-0D9B8FA34A6A}.Debug|Any CPU.Build.0 = Debug|Any CPU
		{0FF32405-6C61-5CB6-E764-0D9B8FA34A6A}.Release|Any CPU.ActiveCfg = Release|Any CPU
		{0FF32405-6C61-5CB6-E764-0D9B8FA34A6A}.Release|Any CPU.Build.0 = Release|Any CPU
		{481E11F5-00A6-36F6-CF26-88C2C3278033}.Debug|Any CPU.ActiveCfg = Debug|Any CPU
		{481E11F5-00A6-36F6-CF26-88C2C3278033}.Debug|Any CPU.Build.0 = Debug|Any CPU
		{481E11F5-00A6-36F6-CF26-88C2C3278033}.Release|Any CPU.ActiveCfg = Release|Any CPU
		{481E11F5-00A6-36F6-CF26-88C2C3278033}.Release|Any CPU.Build.0 = Release|Any CPU
		{FD00E73E-5058-7B95-FE5C-D012518D0B04}.Debug|Any CPU.ActiveCfg = Debug|Any CPU
		{FD00E73E-5058-7B95-FE5C-D012518D0B04}.Debug|Any CPU.Build.0 = Debug|Any CPU
		{FD00E73E-5058-7B95-FE5C-D012518D0B04}.Release|Any CPU.ActiveCfg = Release|Any CPU
		{FD00E73E-5058-7B95-FE5C-D012518D0B04}.Release|Any CPU.Build.0 = Release|Any CPU
		{D686CF88-7540-FBFB-12BC-C756B049D64D}.Debug|Any CPU.ActiveCfg = Debug|Any CPU
		{D686CF88-7540-FBFB-12BC-C756B049D64D}.Debug|Any CPU.Build.0 = Debug|Any CPU
		{D686CF88-7540-FBFB-12BC-C756B049D64D}.Release|Any CPU.ActiveCfg = Release|Any CPU
		{D686CF88-7540-FBFB-12BC-C756B049D64D}.Release|Any CPU.Build.0 = Release|Any CPU
		{A215C760-57B7-D822-7663-36C4171C39CB}.Debug|Any CPU.ActiveCfg = Debug|Any CPU
		{A215C760-57B7-D822-7663-36C4171C39CB}.Debug|Any CPU.Build.0 = Debug|Any CPU
		{A215C760-57B7-D822-7663-36C4171C39CB}.Release|Any CPU.ActiveCfg = Release|Any CPU
		{A215C760-57B7-D822-7663-36C4171C39CB}.Release|Any CPU.Build.0 = Release|Any CPU
		{030F799A-A7E9-0073-7CD3-D8B035E83790}.Debug|Any CPU.ActiveCfg = Debug|Any CPU
		{030F799A-A7E9-0073-7CD3-D8B035E83790}.Debug|Any CPU.Build.0 = Debug|Any CPU
		{030F799A-A7E9-0073-7CD3-D8B035E83790}.Release|Any CPU.ActiveCfg = Release|Any CPU
		{030F799A-A7E9-0073-7CD3-D8B035E83790}.Release|Any CPU.Build.0 = Release|Any CPU
		{E85880D2-9927-8D94-0A4B-8F4C0525368F}.Debug|Any CPU.ActiveCfg = Debug|Any CPU
		{E85880D2-9927-8D94-0A4B-8F4C0525368F}.Debug|Any CPU.Build.0 = Debug|Any CPU
		{E85880D2-9927-8D94-0A4B-8F4C0525368F}.Release|Any CPU.ActiveCfg = Release|Any CPU
		{E85880D2-9927-8D94-0A4B-8F4C0525368F}.Release|Any CPU.Build.0 = Release|Any CPU
		{D461B364-1BDA-F937-D874-B877AA255F90}.Debug|Any CPU.ActiveCfg = Debug|Any CPU
		{D461B364-1BDA-F937-D874-B877AA255F90}.Debug|Any CPU.Build.0 = Debug|Any CPU
		{D461B364-1BDA-F937-D874-B877AA255F90}.Release|Any CPU.ActiveCfg = Release|Any CPU
		{D461B364-1BDA-F937-D874-B877AA255F90}.Release|Any CPU.Build.0 = Release|Any CPU
		{0D9ACD64-97BC-6D37-7BDA-92D27E51567B}.Debug|Any CPU.ActiveCfg = Debug|Any CPU
		{0D9ACD64-97BC-6D37-7BDA-92D27E51567B}.Debug|Any CPU.Build.0 = Debug|Any CPU
		{0D9ACD64-97BC-6D37-7BDA-92D27E51567B}.Release|Any CPU.ActiveCfg = Release|Any CPU
		{0D9ACD64-97BC-6D37-7BDA-92D27E51567B}.Release|Any CPU.Build.0 = Release|Any CPU
		{1E425CFB-DE6E-5F3E-4FE8-E2E63A707DC2}.Debug|Any CPU.ActiveCfg = Debug|Any CPU
		{1E425CFB-DE6E-5F3E-4FE8-E2E63A707DC2}.Debug|Any CPU.Build.0 = Debug|Any CPU
		{1E425CFB-DE6E-5F3E-4FE8-E2E63A707DC2}.Release|Any CPU.ActiveCfg = Release|Any CPU
		{1E425CFB-DE6E-5F3E-4FE8-E2E63A707DC2}.Release|Any CPU.Build.0 = Release|Any CPU
		{FF0F7BD6-3413-216C-672E-804D3DAE8EB0}.Debug|Any CPU.ActiveCfg = Debug|Any CPU
		{FF0F7BD6-3413-216C-672E-804D3DAE8EB0}.Debug|Any CPU.Build.0 = Debug|Any CPU
		{FF0F7BD6-3413-216C-672E-804D3DAE8EB0}.Release|Any CPU.ActiveCfg = Release|Any CPU
		{FF0F7BD6-3413-216C-672E-804D3DAE8EB0}.Release|Any CPU.Build.0 = Release|Any CPU
		{D9D17BD2-4801-8D7A-BF32-21C34469B426}.Debug|Any CPU.ActiveCfg = Debug|Any CPU
		{D9D17BD2-4801-8D7A-BF32-21C34469B426}.Debug|Any CPU.Build.0 = Debug|Any CPU
		{D9D17BD2-4801-8D7A-BF32-21C34469B426}.Release|Any CPU.ActiveCfg = Release|Any CPU
		{D9D17BD2-4801-8D7A-BF32-21C34469B426}.Release|Any CPU.Build.0 = Release|Any CPU
		{CB745B44-788F-A5B3-3CD2-4799DA49309C}.Debug|Any CPU.ActiveCfg = Debug|Any CPU
		{CB745B44-788F-A5B3-3CD2-4799DA49309C}.Debug|Any CPU.Build.0 = Debug|Any CPU
		{CB745B44-788F-A5B3-3CD2-4799DA49309C}.Release|Any CPU.ActiveCfg = Release|Any CPU
		{CB745B44-788F-A5B3-3CD2-4799DA49309C}.Release|Any CPU.Build.0 = Release|Any CPU
		{69C8F1B9-AB96-A3D9-4C6D-EB7E77A6D7F9}.Debug|Any CPU.ActiveCfg = Debug|Any CPU
		{69C8F1B9-AB96-A3D9-4C6D-EB7E77A6D7F9}.Debug|Any CPU.Build.0 = Debug|Any CPU
		{69C8F1B9-AB96-A3D9-4C6D-EB7E77A6D7F9}.Release|Any CPU.ActiveCfg = Release|Any CPU
		{69C8F1B9-AB96-A3D9-4C6D-EB7E77A6D7F9}.Release|Any CPU.Build.0 = Release|Any CPU
		{490DA4B5-1DD1-C141-FFFC-AEC863B836F1}.Debug|Any CPU.ActiveCfg = Debug|Any CPU
		{490DA4B5-1DD1-C141-FFFC-AEC863B836F1}.Debug|Any CPU.Build.0 = Debug|Any CPU
		{490DA4B5-1DD1-C141-FFFC-AEC863B836F1}.Release|Any CPU.ActiveCfg = Release|Any CPU
		{490DA4B5-1DD1-C141-FFFC-AEC863B836F1}.Release|Any CPU.Build.0 = Release|Any CPU
		{E4C94E4D-AE62-0EE7-E158-7FC83790A342}.Debug|Any CPU.ActiveCfg = Debug|Any CPU
		{E4C94E4D-AE62-0EE7-E158-7FC83790A342}.Debug|Any CPU.Build.0 = Debug|Any CPU
		{E4C94E4D-AE62-0EE7-E158-7FC83790A342}.Release|Any CPU.ActiveCfg = Release|Any CPU
		{E4C94E4D-AE62-0EE7-E158-7FC83790A342}.Release|Any CPU.Build.0 = Release|Any CPU
		{3DBAF9D5-592E-2696-CAC0-0699D9C107C5}.Debug|Any CPU.ActiveCfg = Debug|Any CPU
		{3DBAF9D5-592E-2696-CAC0-0699D9C107C5}.Debug|Any CPU.Build.0 = Debug|Any CPU
		{3DBAF9D5-592E-2696-CAC0-0699D9C107C5}.Release|Any CPU.ActiveCfg = Release|Any CPU
		{3DBAF9D5-592E-2696-CAC0-0699D9C107C5}.Release|Any CPU.Build.0 = Release|Any CPU
		{9406764F-210E-41FB-C333-F4DBF13B806E}.Debug|Any CPU.ActiveCfg = Debug|Any CPU
		{9406764F-210E-41FB-C333-F4DBF13B806E}.Debug|Any CPU.Build.0 = Debug|Any CPU
		{9406764F-210E-41FB-C333-F4DBF13B806E}.Release|Any CPU.ActiveCfg = Release|Any CPU
		{9406764F-210E-41FB-C333-F4DBF13B806E}.Release|Any CPU.Build.0 = Release|Any CPU
		{81B89A1F-94F8-F039-FB23-2413F866D640}.Debug|Any CPU.ActiveCfg = Debug|Any CPU
		{81B89A1F-94F8-F039-FB23-2413F866D640}.Debug|Any CPU.Build.0 = Debug|Any CPU
		{81B89A1F-94F8-F039-FB23-2413F866D640}.Release|Any CPU.ActiveCfg = Release|Any CPU
		{81B89A1F-94F8-F039-FB23-2413F866D640}.Release|Any CPU.Build.0 = Release|Any CPU
		{E1BB8492-5F62-B833-FE84-FA3FF3793142}.Debug|Any CPU.ActiveCfg = Debug|Any CPU
		{E1BB8492-5F62-B833-FE84-FA3FF3793142}.Debug|Any CPU.Build.0 = Debug|Any CPU
		{E1BB8492-5F62-B833-FE84-FA3FF3793142}.Release|Any CPU.ActiveCfg = Release|Any CPU
		{E1BB8492-5F62-B833-FE84-FA3FF3793142}.Release|Any CPU.Build.0 = Release|Any CPU
		{E93657BF-470B-69EF-E739-C7F358326B96}.Debug|Any CPU.ActiveCfg = Debug|Any CPU
		{E93657BF-470B-69EF-E739-C7F358326B96}.Debug|Any CPU.Build.0 = Debug|Any CPU
		{E93657BF-470B-69EF-E739-C7F358326B96}.Release|Any CPU.ActiveCfg = Release|Any CPU
		{E93657BF-470B-69EF-E739-C7F358326B96}.Release|Any CPU.Build.0 = Release|Any CPU
		{9106640A-F134-89C9-EF7D-B250E08F0A75}.Debug|Any CPU.ActiveCfg = Debug|Any CPU
		{9106640A-F134-89C9-EF7D-B250E08F0A75}.Debug|Any CPU.Build.0 = Debug|Any CPU
		{9106640A-F134-89C9-EF7D-B250E08F0A75}.Release|Any CPU.ActiveCfg = Release|Any CPU
		{9106640A-F134-89C9-EF7D-B250E08F0A75}.Release|Any CPU.Build.0 = Release|Any CPU
		{8996A6C2-0543-E1B5-FC7C-891346FB1767}.Debug|Any CPU.ActiveCfg = Debug|Any CPU
		{8996A6C2-0543-E1B5-FC7C-891346FB1767}.Debug|Any CPU.Build.0 = Debug|Any CPU
		{8996A6C2-0543-E1B5-FC7C-891346FB1767}.Release|Any CPU.ActiveCfg = Release|Any CPU
		{8996A6C2-0543-E1B5-FC7C-891346FB1767}.Release|Any CPU.Build.0 = Release|Any CPU
		{541191DD-8393-2076-4734-808D9685AB4F}.Debug|Any CPU.ActiveCfg = Debug|Any CPU
		{541191DD-8393-2076-4734-808D9685AB4F}.Debug|Any CPU.Build.0 = Debug|Any CPU
		{541191DD-8393-2076-4734-808D9685AB4F}.Release|Any CPU.ActiveCfg = Release|Any CPU
		{541191DD-8393-2076-4734-808D9685AB4F}.Release|Any CPU.Build.0 = Release|Any CPU
		{1DC58727-FF4D-BCC3-ECBB-D1F641312AA8}.Debug|Any CPU.ActiveCfg = Debug|Any CPU
		{1DC58727-FF4D-BCC3-ECBB-D1F641312AA8}.Debug|Any CPU.Build.0 = Debug|Any CPU
		{1DC58727-FF4D-BCC3-ECBB-D1F641312AA8}.Release|Any CPU.ActiveCfg = Release|Any CPU
		{1DC58727-FF4D-BCC3-ECBB-D1F641312AA8}.Release|Any CPU.Build.0 = Release|Any CPU
		{7DF5F207-C280-CF8B-F9B3-EB34610D45D3}.Debug|Any CPU.ActiveCfg = Debug|Any CPU
		{7DF5F207-C280-CF8B-F9B3-EB34610D45D3}.Debug|Any CPU.Build.0 = Debug|Any CPU
		{7DF5F207-C280-CF8B-F9B3-EB34610D45D3}.Release|Any CPU.ActiveCfg = Release|Any CPU
		{7DF5F207-C280-CF8B-F9B3-EB34610D45D3}.Release|Any CPU.Build.0 = Release|Any CPU
		{211D1445-2890-17F0-3B84-047B1B4FB1CA}.Debug|Any CPU.ActiveCfg = Debug|Any CPU
		{211D1445-2890-17F0-3B84-047B1B4FB1CA}.Debug|Any CPU.Build.0 = Debug|Any CPU
		{211D1445-2890-17F0-3B84-047B1B4FB1CA}.Release|Any CPU.ActiveCfg = Release|Any CPU
		{211D1445-2890-17F0-3B84-047B1B4FB1CA}.Release|Any CPU.Build.0 = Release|Any CPU
		{83E4F07E-3090-5173-1A33-40BF2C89911D}.Debug|Any CPU.ActiveCfg = Debug|Any CPU
		{83E4F07E-3090-5173-1A33-40BF2C89911D}.Debug|Any CPU.Build.0 = Debug|Any CPU
		{83E4F07E-3090-5173-1A33-40BF2C89911D}.Release|Any CPU.ActiveCfg = Release|Any CPU
		{83E4F07E-3090-5173-1A33-40BF2C89911D}.Release|Any CPU.Build.0 = Release|Any CPU
		{669C1DC5-CF18-2761-1E1E-51D2099671C8}.Debug|Any CPU.ActiveCfg = Debug|Any CPU
		{669C1DC5-CF18-2761-1E1E-51D2099671C8}.Debug|Any CPU.Build.0 = Debug|Any CPU
		{669C1DC5-CF18-2761-1E1E-51D2099671C8}.Release|Any CPU.ActiveCfg = Release|Any CPU
		{669C1DC5-CF18-2761-1E1E-51D2099671C8}.Release|Any CPU.Build.0 = Release|Any CPU
		{37B82D10-1E5F-BAE8-E582-1D212BA8AFFA}.Debug|Any CPU.ActiveCfg = Debug|Any CPU
		{37B82D10-1E5F-BAE8-E582-1D212BA8AFFA}.Debug|Any CPU.Build.0 = Debug|Any CPU
		{37B82D10-1E5F-BAE8-E582-1D212BA8AFFA}.Release|Any CPU.ActiveCfg = Release|Any CPU
		{37B82D10-1E5F-BAE8-E582-1D212BA8AFFA}.Release|Any CPU.Build.0 = Release|Any CPU
		{B74CDEBE-C82A-89C0-BC4E-4D50B8C36508}.Debug|Any CPU.ActiveCfg = Debug|Any CPU
		{B74CDEBE-C82A-89C0-BC4E-4D50B8C36508}.Debug|Any CPU.Build.0 = Debug|Any CPU
		{B74CDEBE-C82A-89C0-BC4E-4D50B8C36508}.Release|Any CPU.ActiveCfg = Release|Any CPU
		{B74CDEBE-C82A-89C0-BC4E-4D50B8C36508}.Release|Any CPU.Build.0 = Release|Any CPU
		{D7B80D5C-662C-4164-A21E-4E476CC34CED}.Debug|Any CPU.ActiveCfg = Debug|Any CPU
		{D7B80D5C-662C-4164-A21E-4E476CC34CED}.Debug|Any CPU.Build.0 = Debug|Any CPU
		{D7B80D5C-662C-4164-A21E-4E476CC34CED}.Release|Any CPU.ActiveCfg = Release|Any CPU
		{D7B80D5C-662C-4164-A21E-4E476CC34CED}.Release|Any CPU.Build.0 = Release|Any CPU
		{D581D8C0-959A-034E-D270-606BB65D7E5F}.Debug|Any CPU.ActiveCfg = Debug|Any CPU
		{D581D8C0-959A-034E-D270-606BB65D7E5F}.Debug|Any CPU.Build.0 = Debug|Any CPU
		{D581D8C0-959A-034E-D270-606BB65D7E5F}.Release|Any CPU.ActiveCfg = Release|Any CPU
		{D581D8C0-959A-034E-D270-606BB65D7E5F}.Release|Any CPU.Build.0 = Release|Any CPU
		{187ECBD0-DE60-6F23-BB51-B6B828B777D0}.Debug|Any CPU.ActiveCfg = Debug|Any CPU
		{187ECBD0-DE60-6F23-BB51-B6B828B777D0}.Debug|Any CPU.Build.0 = Debug|Any CPU
		{187ECBD0-DE60-6F23-BB51-B6B828B777D0}.Release|Any CPU.ActiveCfg = Release|Any CPU
		{187ECBD0-DE60-6F23-BB51-B6B828B777D0}.Release|Any CPU.Build.0 = Release|Any CPU
		{FE730021-DC63-74C4-3E2B-A3480939AC1A}.Debug|Any CPU.ActiveCfg = Debug|Any CPU
		{FE730021-DC63-74C4-3E2B-A3480939AC1A}.Debug|Any CPU.Build.0 = Debug|Any CPU
		{FE730021-DC63-74C4-3E2B-A3480939AC1A}.Release|Any CPU.ActiveCfg = Release|Any CPU
		{FE730021-DC63-74C4-3E2B-A3480939AC1A}.Release|Any CPU.Build.0 = Release|Any CPU
		{BDF46D49-42C6-2A6D-A240-6FDC853D5614}.Debug|Any CPU.ActiveCfg = Debug|Any CPU
		{BDF46D49-42C6-2A6D-A240-6FDC853D5614}.Debug|Any CPU.Build.0 = Debug|Any CPU
		{BDF46D49-42C6-2A6D-A240-6FDC853D5614}.Release|Any CPU.ActiveCfg = Release|Any CPU
		{BDF46D49-42C6-2A6D-A240-6FDC853D5614}.Release|Any CPU.Build.0 = Release|Any CPU
	EndGlobalSection
	GlobalSection(SolutionProperties) = preSolution
		HideSolutionNode = FALSE
	EndGlobalSection
EndGlobal
